
Microsoft Visual Studio Solution File, Format Version 12.00
# Visual Studio Version 17
VisualStudioVersion = 17.7.34202.233
MinimumVisualStudioVersion = 10.0.40219.1
Project("{9A19103F-16F7-4668-BE54-9A1E7A4F7556}") = "KTDotNetCore.ConsoleApp", "KTDotNetCore.ConsoleApp\KTDotNetCore.ConsoleApp.csproj", "{4102FD89-4407-4A75-BBA8-0B87CDFA57D9}"
EndProject
Project("{FAE04EC0-301F-11D3-BF4B-00C04F79EFBC}") = "KTDotNetCore.WindowsFormsApp", "KTDotNetCore.WindowsFormsApp\KTDotNetCore.WindowsFormsApp.csproj", "{894A25F6-800A-4044-9EE2-53C4D2EF649D}"
EndProject
Project("{9A19103F-16F7-4668-BE54-9A1E7A4F7556}") = "KTDotNetCore.RestApi", "KTDotNetCore.RestApi\KTDotNetCore.RestApi.csproj", "{D799ACE1-7D3C-4E32-96A7-3AE78E73030B}"
EndProject
Project("{9A19103F-16F7-4668-BE54-9A1E7A4F7556}") = "KTDotNetCore.Mvc", "KTDotNetCore.Mvc\KTDotNetCore.Mvc.csproj", "{5D616484-F40A-4234-9583-42C584ECE70A}"
EndProject
Project("{9A19103F-16F7-4668-BE54-9A1E7A4F7556}") = "KTDoNetCoreAjax", "..\..\source\repos\KTDoNetCore\KTDoNetCore\KTDoNetCoreAjax.csproj", "{C97F95AB-4BAE-48C7-88A2-4E79CBDF9508}"
EndProject
Project("{9A19103F-16F7-4668-BE54-9A1E7A4F7556}") = "KTDotNetCore.ATMWebApp", "KTDotNetCore.ATMWebApp\KTDotNetCore.ATMWebApp.csproj", "{23291983-604D-4BB6-B877-FD1F7C1BCCC3}"
EndProject
Project("{FAE04EC0-301F-11D3-BF4B-00C04F79EFBC}") = "KTDotNetCore.MinimalApi", "KTDotNetCore.MinimalApi\KTDotNetCore.MinimalApi.csproj", "{3AA67BF3-15DA-475C-B634-65A06B7C03C8}"
EndProject
Project("{FAE04EC0-301F-11D3-BF4B-00C04F79EFBC}") = "KTDotNetCore.loginWebApp", "KTDotNetCore.loginWebApp\KTDotNetCore.loginWebApp.csproj", "{C55EC40C-C726-444B-B0DB-19254EDCA889}"
EndProject
Global
	GlobalSection(SolutionConfigurationPlatforms) = preSolution
		Debug|Any CPU = Debug|Any CPU
		Release|Any CPU = Release|Any CPU
	EndGlobalSection
	GlobalSection(ProjectConfigurationPlatforms) = postSolution
		{4102FD89-4407-4A75-BBA8-0B87CDFA57D9}.Debug|Any CPU.ActiveCfg = Debug|Any CPU
		{4102FD89-4407-4A75-BBA8-0B87CDFA57D9}.Debug|Any CPU.Build.0 = Debug|Any CPU
		{4102FD89-4407-4A75-BBA8-0B87CDFA57D9}.Release|Any CPU.ActiveCfg = Release|Any CPU
		{4102FD89-4407-4A75-BBA8-0B87CDFA57D9}.Release|Any CPU.Build.0 = Release|Any CPU
		{894A25F6-800A-4044-9EE2-53C4D2EF649D}.Debug|Any CPU.ActiveCfg = Debug|Any CPU
		{894A25F6-800A-4044-9EE2-53C4D2EF649D}.Debug|Any CPU.Build.0 = Debug|Any CPU
		{894A25F6-800A-4044-9EE2-53C4D2EF649D}.Release|Any CPU.ActiveCfg = Release|Any CPU
		{894A25F6-800A-4044-9EE2-53C4D2EF649D}.Release|Any CPU.Build.0 = Release|Any CPU
		{D799ACE1-7D3C-4E32-96A7-3AE78E73030B}.Debug|Any CPU.ActiveCfg = Debug|Any CPU
		{D799ACE1-7D3C-4E32-96A7-3AE78E73030B}.Debug|Any CPU.Build.0 = Debug|Any CPU
		{D799ACE1-7D3C-4E32-96A7-3AE78E73030B}.Release|Any CPU.ActiveCfg = Release|Any CPU
		{D799ACE1-7D3C-4E32-96A7-3AE78E73030B}.Release|Any CPU.Build.0 = Release|Any CPU
		{5D616484-F40A-4234-9583-42C584ECE70A}.Debug|Any CPU.ActiveCfg = Debug|Any CPU
		{5D616484-F40A-4234-9583-42C584ECE70A}.Debug|Any CPU.Build.0 = Debug|Any CPU
		{5D616484-F40A-4234-9583-42C584ECE70A}.Release|Any CPU.ActiveCfg = Release|Any CPU
		{5D616484-F40A-4234-9583-42C584ECE70A}.Release|Any CPU.Build.0 = Release|Any CPU
		{C97F95AB-4BAE-48C7-88A2-4E79CBDF9508}.Debug|Any CPU.ActiveCfg = Debug|Any CPU
		{C97F95AB-4BAE-48C7-88A2-4E79CBDF9508}.Debug|Any CPU.Build.0 = Debug|Any CPU
		{C97F95AB-4BAE-48C7-88A2-4E79CBDF9508}.Release|Any CPU.ActiveCfg = Release|Any CPU
		{C97F95AB-4BAE-48C7-88A2-4E79CBDF9508}.Release|Any CPU.Build.0 = Release|Any CPU
		{23291983-604D-4BB6-B877-FD1F7C1BCCC3}.Debug|Any CPU.ActiveCfg = Debug|Any CPU
		{23291983-604D-4BB6-B877-FD1F7C1BCCC3}.Debug|Any CPU.Build.0 = Debug|Any CPU
		{23291983-604D-4BB6-B877-FD1F7C1BCCC3}.Release|Any CPU.ActiveCfg = Release|Any CPU
		{23291983-604D-4BB6-B877-FD1F7C1BCCC3}.Release|Any CPU.Build.0 = Release|Any CPU
		{3AA67BF3-15DA-475C-B634-65A06B7C03C8}.Debug|Any CPU.ActiveCfg = Debug|Any CPU
		{3AA67BF3-15DA-475C-B634-65A06B7C03C8}.Debug|Any CPU.Build.0 = Debug|Any CPU
		{3AA67BF3-15DA-475C-B634-65A06B7C03C8}.Release|Any CPU.ActiveCfg = Release|Any CPU
		{3AA67BF3-15DA-475C-B634-65A06B7C03C8}.Release|Any CPU.Build.0 = Release|Any CPU
		{C55EC40C-C726-444B-B0DB-19254EDCA889}.Debug|Any CPU.ActiveCfg = Debug|Any CPU
		{C55EC40C-C726-444B-B0DB-19254EDCA889}.Debug|Any CPU.Build.0 = Debug|Any CPU
		{C55EC40C-C726-444B-B0DB-19254EDCA889}.Release|Any CPU.ActiveCfg = Release|Any CPU
		{C55EC40C-C726-444B-B0DB-19254EDCA889}.Release|Any CPU.Build.0 = Release|Any CPU
	EndGlobalSection
	GlobalSection(SolutionProperties) = preSolution
		HideSolutionNode = FALSE
	EndGlobalSection
	GlobalSection(ExtensibilityGlobals) = postSolution
		SolutionGuid = {1F70C927-8DC7-4BC0-9E8D-5E1D5CDBB28F}
	EndGlobalSection
EndGlobal
